
Microsoft Visual Studio Solution File, Format Version 12.00
# Visual Studio Version 16
VisualStudioVersion = 16.0.30907.101
MinimumVisualStudioVersion = 10.0.40219.1
Project("{FAE04EC0-301F-11D3-BF4B-00C04F79EFBC}") = "VsNet5Ng11", "VsNet5Ng11\VsNet5Ng11.csproj", "{8B4C87BA-76AB-45F8-9796-7119338AA76D}"
EndProject
Global
	GlobalSection(SolutionConfigurationPlatforms) = preSolution
		Debug|Any CPU = Debug|Any CPU
		Release|Any CPU = Release|Any CPU
	EndGlobalSection
	GlobalSection(ProjectConfigurationPlatforms) = postSolution
		{8B4C87BA-76AB-45F8-9796-7119338AA76D}.Debug|Any CPU.ActiveCfg = Debug|Any CPU
		{8B4C87BA-76AB-45F8-9796-7119338AA76D}.Debug|Any CPU.Build.0 = Debug|Any CPU
		{8B4C87BA-76AB-45F8-9796-7119338AA76D}.Release|Any CPU.ActiveCfg = Release|Any CPU
		{8B4C87BA-76AB-45F8-9796-7119338AA76D}.Release|Any CPU.Build.0 = Release|Any CPU
	EndGlobalSection
	GlobalSection(SolutionProperties) = preSolution
		HideSolutionNode = FALSE
	EndGlobalSection
	GlobalSection(ExtensibilityGlobals) = postSolution
		SolutionGuid = {D29DCCC9-7AF5-4DEE-9934-08F109F7EF2E}
	EndGlobalSection
EndGlobal
